// !$*UTF8*$!
{
	archiveVersion = 1;
	classes = {
	};
	objectVersion = 46;
	objects = {

/* Begin PBXBuildFile section */
		A0DA4CA91C519052007953C8 /* CommonTool.m in Sources */ = {isa = PBXBuildFile; fileRef = A0DA4CA81C519052007953C8 /* CommonTool.m */; };
		A0DA4CAC1C519074007953C8 /* QuartzCore.framework in Frameworks */ = {isa = PBXBuildFile; fileRef = A0DA4CAB1C519074007953C8 /* QuartzCore.framework */; };
		A0DA4CB31C5190A0007953C8 /* WXChatEditViewController.m in Sources */ = {isa = PBXBuildFile; fileRef = A0DA4CAE1C5190A0007953C8 /* WXChatEditViewController.m */; };
		A0DA4CB41C5190A0007953C8 /* WXChatEditViewController.xib in Resources */ = {isa = PBXBuildFile; fileRef = A0DA4CAF1C5190A0007953C8 /* WXChatEditViewController.xib */; };
		A0DA4CB51C5190A0007953C8 /* WXChatPreviewViewController.m in Sources */ = {isa = PBXBuildFile; fileRef = A0DA4CB11C5190A0007953C8 /* WXChatPreviewViewController.m */; };
		A0DA4CB61C5190A0007953C8 /* WXChatPreviewViewController.xib in Resources */ = {isa = PBXBuildFile; fileRef = A0DA4CB21C5190A0007953C8 /* WXChatPreviewViewController.xib */; };
		FE0243B61C3E7DEE00C5CE43 /* main.m in Sources */ = {isa = PBXBuildFile; fileRef = FE0243B51C3E7DEE00C5CE43 /* main.m */; };
		FE0243B91C3E7DEE00C5CE43 /* AppDelegate.m in Sources */ = {isa = PBXBuildFile; fileRef = FE0243B81C3E7DEE00C5CE43 /* AppDelegate.m */; };
		FE0243C11C3E7DEE00C5CE43 /* Assets.xcassets in Resources */ = {isa = PBXBuildFile; fileRef = FE0243C01C3E7DEE00C5CE43 /* Assets.xcassets */; };
		FE0243C41C3E7DEE00C5CE43 /* LaunchScreen.storyboard in Resources */ = {isa = PBXBuildFile; fileRef = FE0243C21C3E7DEE00C5CE43 /* LaunchScreen.storyboard */; };
		FE3DC41E1C4297970090ECEC /* AppDelegate+RootView.m in Sources */ = {isa = PBXBuildFile; fileRef = FE3DC41D1C4297970090ECEC /* AppDelegate+RootView.m */; };
		FE3DC4291C42A7130090ECEC /* RKNavigationController.m in Sources */ = {isa = PBXBuildFile; fileRef = FE3DC4281C42A7130090ECEC /* RKNavigationController.m */; };
		FE3DC42C1C42A7630090ECEC /* RKTabBarController.m in Sources */ = {isa = PBXBuildFile; fileRef = FE3DC42B1C42A7630090ECEC /* RKTabBarController.m */; };
		FE3DC4301C42A7C40090ECEC /* HomeViewController.m in Sources */ = {isa = PBXBuildFile; fileRef = FE3DC42E1C42A7C40090ECEC /* HomeViewController.m */; };
		FE3DC4311C42A7C40090ECEC /* HomeViewController.xib in Resources */ = {isa = PBXBuildFile; fileRef = FE3DC42F1C42A7C40090ECEC /* HomeViewController.xib */; };
		FE3DC4361C42A8340090ECEC /* UserInfoViewController.m in Sources */ = {isa = PBXBuildFile; fileRef = FE3DC4341C42A8340090ECEC /* UserInfoViewController.m */; };
		FE3DC4371C42A8340090ECEC /* UserInfoViewController.xib in Resources */ = {isa = PBXBuildFile; fileRef = FE3DC4351C42A8340090ECEC /* UserInfoViewController.xib */; };
		FE44B3541C455E6D00F4C0E9 /* BaseUIViewController.m in Sources */ = {isa = PBXBuildFile; fileRef = FE44B3531C455E6D00F4C0E9 /* BaseUIViewController.m */; };
		FEB2DB631C8810CB0026F35F /* WXHeadMod.m in Sources */ = {isa = PBXBuildFile; fileRef = FEB2DB621C8810CB0026F35F /* WXHeadMod.m */; };
		FEB2DB661C8813E70026F35F /* WXHeadView.m in Sources */ = {isa = PBXBuildFile; fileRef = FEB2DB651C8813E70026F35F /* WXHeadView.m */; };
		FEB2DB681C88191F0026F35F /* WXHeadView.xib in Resources */ = {isa = PBXBuildFile; fileRef = FEB2DB671C88191F0026F35F /* WXHeadView.xib */; };
		FEE6C4BD1C4D1EB7005894A5 /* ProdListViewController.m in Sources */ = {isa = PBXBuildFile; fileRef = FEE6C4BB1C4D1EB7005894A5 /* ProdListViewController.m */; };
		FEE6C4BE1C4D1EB7005894A5 /* ProdListViewController.xib in Resources */ = {isa = PBXBuildFile; fileRef = FEE6C4BC1C4D1EB7005894A5 /* ProdListViewController.xib */; };
		FEE6C4C11C4D1ED3005894A5 /* ProdListCollCellMod.m in Sources */ = {isa = PBXBuildFile; fileRef = FEE6C4C01C4D1ED3005894A5 /* ProdListCollCellMod.m */; };
		FEE6C4C51C4D1EDD005894A5 /* ProductListCollectionViewCell.m in Sources */ = {isa = PBXBuildFile; fileRef = FEE6C4C31C4D1EDD005894A5 /* ProductListCollectionViewCell.m */; };
		FEE6C4C61C4D1EDD005894A5 /* ProductListCollectionViewCell.xib in Resources */ = {isa = PBXBuildFile; fileRef = FEE6C4C41C4D1EDD005894A5 /* ProductListCollectionViewCell.xib */; };
		FEE6C4CA1C4D2709005894A5 /* RKNavigationBarViewModel.m in Sources */ = {isa = PBXBuildFile; fileRef = FEE6C4C91C4D2709005894A5 /* RKNavigationBarViewModel.m */; };
		FEE6C4CE1C4D271B005894A5 /* RKNavigationBarView.m in Sources */ = {isa = PBXBuildFile; fileRef = FEE6C4CC1C4D271B005894A5 /* RKNavigationBarView.m */; };
		FEE6C4CF1C4D271B005894A5 /* RKNavigationBarView.xib in Resources */ = {isa = PBXBuildFile; fileRef = FEE6C4CD1C4D271B005894A5 /* RKNavigationBarView.xib */; };
/* End PBXBuildFile section */

/* Begin PBXFileReference section */
		A0DA4CA71C519052007953C8 /* CommonTool.h */ = {isa = PBXFileReference; fileEncoding = 4; lastKnownFileType = sourcecode.c.h; path = CommonTool.h; sourceTree = "<group>"; };
		A0DA4CA81C519052007953C8 /* CommonTool.m */ = {isa = PBXFileReference; fileEncoding = 4; lastKnownFileType = sourcecode.c.objc; path = CommonTool.m; sourceTree = "<group>"; };
		A0DA4CAB1C519074007953C8 /* QuartzCore.framework */ = {isa = PBXFileReference; lastKnownFileType = wrapper.framework; name = QuartzCore.framework; path = System/Library/Frameworks/QuartzCore.framework; sourceTree = SDKROOT; };
		A0DA4CAD1C5190A0007953C8 /* WXChatEditViewController.h */ = {isa = PBXFileReference; fileEncoding = 4; lastKnownFileType = sourcecode.c.h; path = WXChatEditViewController.h; sourceTree = "<group>"; };
		A0DA4CAE1C5190A0007953C8 /* WXChatEditViewController.m */ = {isa = PBXFileReference; fileEncoding = 4; lastKnownFileType = sourcecode.c.objc; path = WXChatEditViewController.m; sourceTree = "<group>"; };
		A0DA4CAF1C5190A0007953C8 /* WXChatEditViewController.xib */ = {isa = PBXFileReference; fileEncoding = 4; lastKnownFileType = file.xib; path = WXChatEditViewController.xib; sourceTree = "<group>"; };
		A0DA4CB01C5190A0007953C8 /* WXChatPreviewViewController.h */ = {isa = PBXFileReference; fileEncoding = 4; lastKnownFileType = sourcecode.c.h; path = WXChatPreviewViewController.h; sourceTree = "<group>"; };
		A0DA4CB11C5190A0007953C8 /* WXChatPreviewViewController.m */ = {isa = PBXFileReference; fileEncoding = 4; lastKnownFileType = sourcecode.c.objc; path = WXChatPreviewViewController.m; sourceTree = "<group>"; };
		A0DA4CB21C5190A0007953C8 /* WXChatPreviewViewController.xib */ = {isa = PBXFileReference; fileEncoding = 4; lastKnownFileType = file.xib; path = WXChatPreviewViewController.xib; sourceTree = "<group>"; };
		FE0243B11C3E7DEE00C5CE43 /* WeiGod.app */ = {isa = PBXFileReference; explicitFileType = wrapper.application; includeInIndex = 0; path = WeiGod.app; sourceTree = BUILT_PRODUCTS_DIR; };
		FE0243B51C3E7DEE00C5CE43 /* main.m */ = {isa = PBXFileReference; lastKnownFileType = sourcecode.c.objc; path = main.m; sourceTree = "<group>"; };
		FE0243B71C3E7DEE00C5CE43 /* AppDelegate.h */ = {isa = PBXFileReference; lastKnownFileType = sourcecode.c.h; path = AppDelegate.h; sourceTree = "<group>"; };
		FE0243B81C3E7DEE00C5CE43 /* AppDelegate.m */ = {isa = PBXFileReference; lastKnownFileType = sourcecode.c.objc; path = AppDelegate.m; sourceTree = "<group>"; };
		FE0243C01C3E7DEE00C5CE43 /* Assets.xcassets */ = {isa = PBXFileReference; lastKnownFileType = folder.assetcatalog; path = Assets.xcassets; sourceTree = "<group>"; };
		FE0243C31C3E7DEE00C5CE43 /* Base */ = {isa = PBXFileReference; lastKnownFileType = file.storyboard; name = Base; path = Base.lproj/LaunchScreen.storyboard; sourceTree = "<group>"; };
		FE0243C51C3E7DEE00C5CE43 /* Info.plist */ = {isa = PBXFileReference; lastKnownFileType = text.plist.xml; path = Info.plist; sourceTree = "<group>"; };
		FE3DC41C1C4297970090ECEC /* AppDelegate+RootView.h */ = {isa = PBXFileReference; fileEncoding = 4; lastKnownFileType = sourcecode.c.h; name = "AppDelegate+RootView.h"; path = "Main/Category/AppDelegate+RootView.h"; sourceTree = "<group>"; };
		FE3DC41D1C4297970090ECEC /* AppDelegate+RootView.m */ = {isa = PBXFileReference; fileEncoding = 4; lastKnownFileType = sourcecode.c.objc; name = "AppDelegate+RootView.m"; path = "Main/Category/AppDelegate+RootView.m"; sourceTree = "<group>"; };
		FE3DC4271C42A7130090ECEC /* RKNavigationController.h */ = {isa = PBXFileReference; fileEncoding = 4; lastKnownFileType = sourcecode.c.h; name = RKNavigationController.h; path = Main/Controller/RKNavigationController.h; sourceTree = "<group>"; };
		FE3DC4281C42A7130090ECEC /* RKNavigationController.m */ = {isa = PBXFileReference; fileEncoding = 4; lastKnownFileType = sourcecode.c.objc; name = RKNavigationController.m; path = Main/Controller/RKNavigationController.m; sourceTree = "<group>"; };
		FE3DC42A1C42A7630090ECEC /* RKTabBarController.h */ = {isa = PBXFileReference; fileEncoding = 4; lastKnownFileType = sourcecode.c.h; name = RKTabBarController.h; path = Main/Controller/RKTabBarController.h; sourceTree = "<group>"; };
		FE3DC42B1C42A7630090ECEC /* RKTabBarController.m */ = {isa = PBXFileReference; fileEncoding = 4; lastKnownFileType = sourcecode.c.objc; name = RKTabBarController.m; path = Main/Controller/RKTabBarController.m; sourceTree = "<group>"; };
		FE3DC42D1C42A7C40090ECEC /* HomeViewController.h */ = {isa = PBXFileReference; fileEncoding = 4; lastKnownFileType = sourcecode.c.h; name = HomeViewController.h; path = "Home(首页)/Main/Controller/HomeViewController.h"; sourceTree = "<group>"; };
		FE3DC42E1C42A7C40090ECEC /* HomeViewController.m */ = {isa = PBXFileReference; fileEncoding = 4; lastKnownFileType = sourcecode.c.objc; name = HomeViewController.m; path = "Home(首页)/Main/Controller/HomeViewController.m"; sourceTree = "<group>"; };
		FE3DC42F1C42A7C40090ECEC /* HomeViewController.xib */ = {isa = PBXFileReference; fileEncoding = 4; lastKnownFileType = file.xib; name = HomeViewController.xib; path = "Home(首页)/Main/Controller/HomeViewController.xib"; sourceTree = "<group>"; };
		FE3DC4331C42A8340090ECEC /* UserInfoViewController.h */ = {isa = PBXFileReference; fileEncoding = 4; lastKnownFileType = sourcecode.c.h; name = UserInfoViewController.h; path = "Me(我)/Main/Controller/UserInfoViewController.h"; sourceTree = "<group>"; };
		FE3DC4341C42A8340090ECEC /* UserInfoViewController.m */ = {isa = PBXFileReference; fileEncoding = 4; lastKnownFileType = sourcecode.c.objc; name = UserInfoViewController.m; path = "Me(我)/Main/Controller/UserInfoViewController.m"; sourceTree = "<group>"; };
		FE3DC4351C42A8340090ECEC /* UserInfoViewController.xib */ = {isa = PBXFileReference; fileEncoding = 4; lastKnownFileType = file.xib; name = UserInfoViewController.xib; path = "Me(我)/Main/Controller/UserInfoViewController.xib"; sourceTree = "<group>"; };
		FE3DC4381C42B16F0090ECEC /* PrefixHeader.pch */ = {isa = PBXFileReference; lastKnownFileType = sourcecode.c.h; path = PrefixHeader.pch; sourceTree = "<group>"; };
		FE44B3521C455E6D00F4C0E9 /* BaseUIViewController.h */ = {isa = PBXFileReference; fileEncoding = 4; lastKnownFileType = sourcecode.c.h; name = BaseUIViewController.h; path = Main/BaseViewController/BaseUIViewController.h; sourceTree = "<group>"; };
		FE44B3531C455E6D00F4C0E9 /* BaseUIViewController.m */ = {isa = PBXFileReference; fileEncoding = 4; lastKnownFileType = sourcecode.c.objc; name = BaseUIViewController.m; path = Main/BaseViewController/BaseUIViewController.m; sourceTree = "<group>"; };
		FEB2DB611C8810CB0026F35F /* WXHeadMod.h */ = {isa = PBXFileReference; fileEncoding = 4; lastKnownFileType = sourcecode.c.h; name = WXHeadMod.h; path = "Home(首页)/WX(小微)/model/WXHeadMod.h"; sourceTree = "<group>"; };
		FEB2DB621C8810CB0026F35F /* WXHeadMod.m */ = {isa = PBXFileReference; fileEncoding = 4; lastKnownFileType = sourcecode.c.objc; name = WXHeadMod.m; path = "Home(首页)/WX(小微)/model/WXHeadMod.m"; sourceTree = "<group>"; };
		FEB2DB641C8813E70026F35F /* WXHeadView.h */ = {isa = PBXFileReference; fileEncoding = 4; lastKnownFileType = sourcecode.c.h; name = WXHeadView.h; path = "Home(首页)/WX(小微)/controller/WXHeadView.h"; sourceTree = "<group>"; };
		FEB2DB651C8813E70026F35F /* WXHeadView.m */ = {isa = PBXFileReference; fileEncoding = 4; lastKnownFileType = sourcecode.c.objc; name = WXHeadView.m; path = "Home(首页)/WX(小微)/controller/WXHeadView.m"; sourceTree = "<group>"; };
		FEB2DB671C88191F0026F35F /* WXHeadView.xib */ = {isa = PBXFileReference; fileEncoding = 4; lastKnownFileType = file.xib; path = WXHeadView.xib; sourceTree = "<group>"; };
		FEE6C4BA1C4D1EB7005894A5 /* ProdListViewController.h */ = {isa = PBXFileReference; fileEncoding = 4; lastKnownFileType = sourcecode.c.h; name = ProdListViewController.h; path = "Home(首页)/WX(小微)/controller/ProdListViewController.h"; sourceTree = "<group>"; };
		FEE6C4BB1C4D1EB7005894A5 /* ProdListViewController.m */ = {isa = PBXFileReference; fileEncoding = 4; lastKnownFileType = sourcecode.c.objc; name = ProdListViewController.m; path = "Home(首页)/WX(小微)/controller/ProdListViewController.m"; sourceTree = "<group>"; };
		FEE6C4BC1C4D1EB7005894A5 /* ProdListViewController.xib */ = {isa = PBXFileReference; fileEncoding = 4; lastKnownFileType = file.xib; name = ProdListViewController.xib; path = "Home(首页)/WX(小微)/controller/ProdListViewController.xib"; sourceTree = "<group>"; };
		FEE6C4BF1C4D1ED3005894A5 /* ProdListCollCellMod.h */ = {isa = PBXFileReference; fileEncoding = 4; lastKnownFileType = sourcecode.c.h; name = ProdListCollCellMod.h; path = "Home(首页)/WX(小微)/model/ProdListCollCellMod.h"; sourceTree = "<group>"; };
		FEE6C4C01C4D1ED3005894A5 /* ProdListCollCellMod.m */ = {isa = PBXFileReference; fileEncoding = 4; lastKnownFileType = sourcecode.c.objc; name = ProdListCollCellMod.m; path = "Home(首页)/WX(小微)/model/ProdListCollCellMod.m"; sourceTree = "<group>"; };
		FEE6C4C21C4D1EDD005894A5 /* ProductListCollectionViewCell.h */ = {isa = PBXFileReference; fileEncoding = 4; lastKnownFileType = sourcecode.c.h; name = ProductListCollectionViewCell.h; path = "Home(首页)/WX(小微)/cell/ProductListCollectionViewCell.h"; sourceTree = "<group>"; };
		FEE6C4C31C4D1EDD005894A5 /* ProductListCollectionViewCell.m */ = {isa = PBXFileReference; fileEncoding = 4; lastKnownFileType = sourcecode.c.objc; name = ProductListCollectionViewCell.m; path = "Home(首页)/WX(小微)/cell/ProductListCollectionViewCell.m"; sourceTree = "<group>"; };
		FEE6C4C41C4D1EDD005894A5 /* ProductListCollectionViewCell.xib */ = {isa = PBXFileReference; fileEncoding = 4; lastKnownFileType = file.xib; name = ProductListCollectionViewCell.xib; path = "Home(首页)/WX(小微)/cell/ProductListCollectionViewCell.xib"; sourceTree = "<group>"; };
		FEE6C4C81C4D2709005894A5 /* RKNavigationBarViewModel.h */ = {isa = PBXFileReference; fileEncoding = 4; lastKnownFileType = sourcecode.c.h; name = RKNavigationBarViewModel.h; path = Main/Model/RKNavigationBarViewModel.h; sourceTree = "<group>"; };
		FEE6C4C91C4D2709005894A5 /* RKNavigationBarViewModel.m */ = {isa = PBXFileReference; fileEncoding = 4; lastKnownFileType = sourcecode.c.objc; name = RKNavigationBarViewModel.m; path = Main/Model/RKNavigationBarViewModel.m; sourceTree = "<group>"; };
		FEE6C4CB1C4D271B005894A5 /* RKNavigationBarView.h */ = {isa = PBXFileReference; fileEncoding = 4; lastKnownFileType = sourcecode.c.h; name = RKNavigationBarView.h; path = Main/Controller/RKNavigationBarView.h; sourceTree = "<group>"; };
		FEE6C4CC1C4D271B005894A5 /* RKNavigationBarView.m */ = {isa = PBXFileReference; fileEncoding = 4; lastKnownFileType = sourcecode.c.objc; name = RKNavigationBarView.m; path = Main/Controller/RKNavigationBarView.m; sourceTree = "<group>"; };
		FEE6C4CD1C4D271B005894A5 /* RKNavigationBarView.xib */ = {isa = PBXFileReference; fileEncoding = 4; lastKnownFileType = file.xib; name = RKNavigationBarView.xib; path = Main/Controller/RKNavigationBarView.xib; sourceTree = "<group>"; };
/* End PBXFileReference section */

/* Begin PBXFrameworksBuildPhase section */
		FE0243AE1C3E7DEE00C5CE43 /* Frameworks */ = {
			isa = PBXFrameworksBuildPhase;
			buildActionMask = 2147483647;
			files = (
				A0DA4CAC1C519074007953C8 /* QuartzCore.framework in Frameworks */,
			);
			runOnlyForDeploymentPostprocessing = 0;
		};
/* End PBXFrameworksBuildPhase section */

/* Begin PBXGroup section */
		A0DA4CAA1C51905D007953C8 /* Common */ = {
			isa = PBXGroup;
			children = (
				A0DA4CA71C519052007953C8 /* CommonTool.h */,
				A0DA4CA81C519052007953C8 /* CommonTool.m */,
			);
			name = Common;
			sourceTree = "<group>";
		};
		FE0243A81C3E7DEE00C5CE43 = {
			isa = PBXGroup;
			children = (
				A0DA4CAB1C519074007953C8 /* QuartzCore.framework */,
				FE0243B31C3E7DEE00C5CE43 /* WeiGod */,
				FE0243B21C3E7DEE00C5CE43 /* Products */,
			);
			sourceTree = "<group>";
		};
		FE0243B21C3E7DEE00C5CE43 /* Products */ = {
			isa = PBXGroup;
			children = (
				FE0243B11C3E7DEE00C5CE43 /* WeiGod.app */,
			);
			name = Products;
			sourceTree = "<group>";
		};
		FE0243B31C3E7DEE00C5CE43 /* WeiGod */ = {
			isa = PBXGroup;
			children = (
				FE66ECDC1C412C48006C3D6D /* Me(我) */,
				FE66ECDA1C412C1B006C3D6D /* Main */,
				FE66ECD51C412B70006C3D6D /* Home(首页) */,
				FE0243B71C3E7DEE00C5CE43 /* AppDelegate.h */,
				FE0243B81C3E7DEE00C5CE43 /* AppDelegate.m */,
				FE0243C01C3E7DEE00C5CE43 /* Assets.xcassets */,
				FE0243C21C3E7DEE00C5CE43 /* LaunchScreen.storyboard */,
				FE0243C51C3E7DEE00C5CE43 /* Info.plist */,
				FE0243B41C3E7DEE00C5CE43 /* Supporting Files */,
			);
			path = WeiGod;
			sourceTree = "<group>";
		};
		FE0243B41C3E7DEE00C5CE43 /* Supporting Files */ = {
			isa = PBXGroup;
			children = (
				FE0243B51C3E7DEE00C5CE43 /* main.m */,
				FE3DC4381C42B16F0090ECEC /* PrefixHeader.pch */,
			);
			name = "Supporting Files";
			sourceTree = "<group>";
		};
		FE3DC41F1C42A1AF0090ECEC /* Controller */ = {
			isa = PBXGroup;
			children = (
				FEE6C4CB1C4D271B005894A5 /* RKNavigationBarView.h */,
				FEE6C4CC1C4D271B005894A5 /* RKNavigationBarView.m */,
				FEE6C4CD1C4D271B005894A5 /* RKNavigationBarView.xib */,
				FE3DC4271C42A7130090ECEC /* RKNavigationController.h */,
				FE3DC4281C42A7130090ECEC /* RKNavigationController.m */,
				FE3DC42A1C42A7630090ECEC /* RKTabBarController.h */,
				FE3DC42B1C42A7630090ECEC /* RKTabBarController.m */,
			);
			name = Controller;
			sourceTree = "<group>";
		};
		FE3DC4261C42A5600090ECEC /* Controller */ = {
			isa = PBXGroup;
			children = (
				FE3DC42D1C42A7C40090ECEC /* HomeViewController.h */,
				FE3DC42E1C42A7C40090ECEC /* HomeViewController.m */,
				FE3DC42F1C42A7C40090ECEC /* HomeViewController.xib */,
			);
			name = Controller;
			sourceTree = "<group>";
		};
		FE3DC4321C42A8120090ECEC /* Controller */ = {
			isa = PBXGroup;
			children = (
				FE3DC4331C42A8340090ECEC /* UserInfoViewController.h */,
				FE3DC4341C42A8340090ECEC /* UserInfoViewController.m */,
				FE3DC4351C42A8340090ECEC /* UserInfoViewController.xib */,
			);
			name = Controller;
			sourceTree = "<group>";
		};
		FE44B3511C455E0400F4C0E9 /* BaseViewController */ = {
			isa = PBXGroup;
			children = (
				FE44B3521C455E6D00F4C0E9 /* BaseUIViewController.h */,
				FE44B3531C455E6D00F4C0E9 /* BaseUIViewController.m */,
			);
			name = BaseViewController;
			sourceTree = "<group>";
		};
		FE66ECD51C412B70006C3D6D /* Home(首页) */ = {
			isa = PBXGroup;
			children = (
				FE66ECD91C412BD6006C3D6D /* ZFB(支付宝) */,
				FE66ECD81C412BCE006C3D6D /* WX(小微) */,
				FE66ECD71C412BBA006C3D6D /* Main */,
				FE66ECD61C412BAB006C3D6D /* BH(大头) */,
			);
			name = "Home(首页)";
			sourceTree = "<group>";
		};
		FE66ECD61C412BAB006C3D6D /* BH(大头) */ = {
			isa = PBXGroup;
			children = (
			);
			name = "BH(大头)";
			sourceTree = "<group>";
		};
		FE66ECD71C412BBA006C3D6D /* Main */ = {
			isa = PBXGroup;
			children = (
				FE3DC4261C42A5600090ECEC /* Controller */,
			);
			name = Main;
			sourceTree = "<group>";
		};
		FE66ECD81C412BCE006C3D6D /* WX(小微) */ = {
			isa = PBXGroup;
			children = (
				FEE6C4B71C4D1D7F005894A5 /* Controller */,
				FEE6C4B81C4D1D9F005894A5 /* Model */,
				FEE6C4B91C4D1DE0005894A5 /* Cell */,
			);
			name = "WX(小微)";
			sourceTree = "<group>";
		};
		FE66ECD91C412BD6006C3D6D /* ZFB(支付宝) */ = {
			isa = PBXGroup;
			children = (
			);
			name = "ZFB(支付宝)";
			sourceTree = "<group>";
		};
		FE66ECDA1C412C1B006C3D6D /* Main */ = {
			isa = PBXGroup;
			children = (
				A0DA4CAA1C51905D007953C8 /* Common */,
				FE44B3511C455E0400F4C0E9 /* BaseViewController */,
				FEE6C4C71C4D265B005894A5 /* Model */,
				FE3DC41F1C42A1AF0090ECEC /* Controller */,
				FE66ECDB1C412C30006C3D6D /* Category */,
			);
			name = Main;
			sourceTree = "<group>";
		};
		FE66ECDB1C412C30006C3D6D /* Category */ = {
			isa = PBXGroup;
			children = (
				FE3DC41C1C4297970090ECEC /* AppDelegate+RootView.h */,
				FE3DC41D1C4297970090ECEC /* AppDelegate+RootView.m */,
			);
			name = Category;
			sourceTree = "<group>";
		};
		FE66ECDC1C412C48006C3D6D /* Me(我) */ = {
			isa = PBXGroup;
			children = (
				FE66ECE11C412CB0006C3D6D /* UserInfo(个人资料) */,
				FE66ECE01C412CA0006C3D6D /* talck(给我留言) */,
				FE66ECDF1C412C86006C3D6D /* More(更多) */,
				FE66ECDE1C412C6E006C3D6D /* Main */,
				FE66ECDD1C412C5F006C3D6D /* AboutWe(关于我们) */,
			);
			name = "Me(我)";
			sourceTree = "<group>";
		};
		FE66ECDD1C412C5F006C3D6D /* AboutWe(关于我们) */ = {
			isa = PBXGroup;
			children = (
			);
			name = "AboutWe(关于我们)";
			sourceTree = "<group>";
		};
		FE66ECDE1C412C6E006C3D6D /* Main */ = {
			isa = PBXGroup;
			children = (
				FE3DC4321C42A8120090ECEC /* Controller */,
			);
			name = Main;
			sourceTree = "<group>";
		};
		FE66ECDF1C412C86006C3D6D /* More(更多) */ = {
			isa = PBXGroup;
			children = (
			);
			name = "More(更多)";
			sourceTree = "<group>";
		};
		FE66ECE01C412CA0006C3D6D /* talck(给我留言) */ = {
			isa = PBXGroup;
			children = (
			);
			name = "talck(给我留言)";
			sourceTree = "<group>";
		};
		FE66ECE11C412CB0006C3D6D /* UserInfo(个人资料) */ = {
			isa = PBXGroup;
			children = (
			);
			name = "UserInfo(个人资料)";
			sourceTree = "<group>";
		};
		FEE6C4B71C4D1D7F005894A5 /* Controller */ = {
			isa = PBXGroup;
			children = (
				FEE6C4BA1C4D1EB7005894A5 /* ProdListViewController.h */,
				FEE6C4BB1C4D1EB7005894A5 /* ProdListViewController.m */,
				FEE6C4BC1C4D1EB7005894A5 /* ProdListViewController.xib */,
				A0DA4CAD1C5190A0007953C8 /* WXChatEditViewController.h */,
				A0DA4CAE1C5190A0007953C8 /* WXChatEditViewController.m */,
				A0DA4CAF1C5190A0007953C8 /* WXChatEditViewController.xib */,
				A0DA4CB01C5190A0007953C8 /* WXChatPreviewViewController.h */,
				A0DA4CB11C5190A0007953C8 /* WXChatPreviewViewController.m */,
				A0DA4CB21C5190A0007953C8 /* WXChatPreviewViewController.xib */,
				FEB2DB641C8813E70026F35F /* WXHeadView.h */,
				FEB2DB651C8813E70026F35F /* WXHeadView.m */,
				FEB2DB671C88191F0026F35F /* WXHeadView.xib */,
			);
			name = Controller;
			sourceTree = "<group>";
		};
		FEE6C4B81C4D1D9F005894A5 /* Model */ = {
			isa = PBXGroup;
			children = (
				FEE6C4BF1C4D1ED3005894A5 /* ProdListCollCellMod.h */,
				FEE6C4C01C4D1ED3005894A5 /* ProdListCollCellMod.m */,
				FEB2DB611C8810CB0026F35F /* WXHeadMod.h */,
				FEB2DB621C8810CB0026F35F /* WXHeadMod.m */,
			);
			name = Model;
			sourceTree = "<group>";
		};
		FEE6C4B91C4D1DE0005894A5 /* Cell */ = {
			isa = PBXGroup;
			children = (
				FEE6C4C21C4D1EDD005894A5 /* ProductListCollectionViewCell.h */,
				FEE6C4C31C4D1EDD005894A5 /* ProductListCollectionViewCell.m */,
				FEE6C4C41C4D1EDD005894A5 /* ProductListCollectionViewCell.xib */,
			);
			name = Cell;
			sourceTree = "<group>";
		};
		FEE6C4C71C4D265B005894A5 /* Model */ = {
			isa = PBXGroup;
			children = (
				FEE6C4C81C4D2709005894A5 /* RKNavigationBarViewModel.h */,
				FEE6C4C91C4D2709005894A5 /* RKNavigationBarViewModel.m */,
			);
			name = Model;
			sourceTree = "<group>";
		};
/* End PBXGroup section */

/* Begin PBXNativeTarget section */
		FE0243B01C3E7DEE00C5CE43 /* WeiGod */ = {
			isa = PBXNativeTarget;
			buildConfigurationList = FE0243C81C3E7DEE00C5CE43 /* Build configuration list for PBXNativeTarget "WeiGod" */;
			buildPhases = (
				FE0243AD1C3E7DEE00C5CE43 /* Sources */,
				FE0243AE1C3E7DEE00C5CE43 /* Frameworks */,
				FE0243AF1C3E7DEE00C5CE43 /* Resources */,
			);
			buildRules = (
			);
			dependencies = (
			);
			name = WeiGod;
			productName = WeiGod;
			productReference = FE0243B11C3E7DEE00C5CE43 /* WeiGod.app */;
			productType = "com.apple.product-type.application";
		};
/* End PBXNativeTarget section */

/* Begin PBXProject section */
		FE0243A91C3E7DEE00C5CE43 /* Project object */ = {
			isa = PBXProject;
			attributes = {
				LastUpgradeCheck = 0720;
				ORGANIZATIONNAME = WeiGod;
				TargetAttributes = {
					FE0243B01C3E7DEE00C5CE43 = {
						CreatedOnToolsVersion = 7.2;
						DevelopmentTeam = 3LVCCM6M37;
					};
				};
			};
			buildConfigurationList = FE0243AC1C3E7DEE00C5CE43 /* Build configuration list for PBXProject "WeiGod" */;
			compatibilityVersion = "Xcode 3.2";
			developmentRegion = English;
			hasScannedForEncodings = 0;
			knownRegions = (
				en,
				Base,
			);
			mainGroup = FE0243A81C3E7DEE00C5CE43;
			productRefGroup = FE0243B21C3E7DEE00C5CE43 /* Products */;
			projectDirPath = "";
			projectRoot = "";
			targets = (
				FE0243B01C3E7DEE00C5CE43 /* WeiGod */,
			);
		};
/* End PBXProject section */

/* Begin PBXResourcesBuildPhase section */
		FE0243AF1C3E7DEE00C5CE43 /* Resources */ = {
			isa = PBXResourcesBuildPhase;
			buildActionMask = 2147483647;
			files = (
				FE0243C41C3E7DEE00C5CE43 /* LaunchScreen.storyboard in Resources */,
				A0DA4CB41C5190A0007953C8 /* WXChatEditViewController.xib in Resources */,
				FE0243C11C3E7DEE00C5CE43 /* Assets.xcassets in Resources */,
				FEE6C4C61C4D1EDD005894A5 /* ProductListCollectionViewCell.xib in Resources */,
				A0DA4CB61C5190A0007953C8 /* WXChatPreviewViewController.xib in Resources */,
				FEB2DB681C88191F0026F35F /* WXHeadView.xib in Resources */,
				FEE6C4BE1C4D1EB7005894A5 /* ProdListViewController.xib in Resources */,
				FE3DC4311C42A7C40090ECEC /* HomeViewController.xib in Resources */,
				FE3DC4371C42A8340090ECEC /* UserInfoViewController.xib in Resources */,
				FEE6C4CF1C4D271B005894A5 /* RKNavigationBarView.xib in Resources */,
			);
			runOnlyForDeploymentPostprocessing = 0;
		};
/* End PBXResourcesBuildPhase section */

/* Begin PBXSourcesBuildPhase section */
		FE0243AD1C3E7DEE00C5CE43 /* Sources */ = {
			isa = PBXSourcesBuildPhase;
			buildActionMask = 2147483647;
			files = (
				FE3DC41E1C4297970090ECEC /* AppDelegate+RootView.m in Sources */,
				A0DA4CB31C5190A0007953C8 /* WXChatEditViewController.m in Sources */,
				FE3DC4291C42A7130090ECEC /* RKNavigationController.m in Sources */,
				A0DA4CA91C519052007953C8 /* CommonTool.m in Sources */,
				FE0243B91C3E7DEE00C5CE43 /* AppDelegate.m in Sources */,
				FEE6C4C51C4D1EDD005894A5 /* ProductListCollectionViewCell.m in Sources */,
				FEB2DB631C8810CB0026F35F /* WXHeadMod.m in Sources */,
				FEE6C4BD1C4D1EB7005894A5 /* ProdListViewController.m in Sources */,
				FE3DC42C1C42A7630090ECEC /* RKTabBarController.m in Sources */,
				A0DA4CB51C5190A0007953C8 /* WXChatPreviewViewController.m in Sources */,
				FE0243B61C3E7DEE00C5CE43 /* main.m in Sources */,
				FEE6C4CA1C4D2709005894A5 /* RKNavigationBarViewModel.m in Sources */,
				FEE6C4CE1C4D271B005894A5 /* RKNavigationBarView.m in Sources */,
				FE3DC4301C42A7C40090ECEC /* HomeViewController.m in Sources */,
				FEE6C4C11C4D1ED3005894A5 /* ProdListCollCellMod.m in Sources */,
				FE3DC4361C42A8340090ECEC /* UserInfoViewController.m in Sources */,
				FE44B3541C455E6D00F4C0E9 /* BaseUIViewController.m in Sources */,
				FEB2DB661C8813E70026F35F /* WXHeadView.m in Sources */,
			);
			runOnlyForDeploymentPostprocessing = 0;
		};
/* End PBXSourcesBuildPhase section */

/* Begin PBXVariantGroup section */
		FE0243C21C3E7DEE00C5CE43 /* LaunchScreen.storyboard */ = {
			isa = PBXVariantGroup;
			children = (
				FE0243C31C3E7DEE00C5CE43 /* Base */,
			);
			name = LaunchScreen.storyboard;
			sourceTree = "<group>";
		};
/* End PBXVariantGroup section */

/* Begin XCBuildConfiguration section */
		FE0243C61C3E7DEE00C5CE43 /* Debug */ = {
			isa = XCBuildConfiguration;
			buildSettings = {
				ALWAYS_SEARCH_USER_PATHS = NO;
				CLANG_CXX_LANGUAGE_STANDARD = "gnu++0x";
				CLANG_CXX_LIBRARY = "libc++";
				CLANG_ENABLE_MODULES = YES;
				CLANG_ENABLE_OBJC_ARC = YES;
				CLANG_WARN_BOOL_CONVERSION = YES;
				CLANG_WARN_CONSTANT_CONVERSION = YES;
				CLANG_WARN_DIRECT_OBJC_ISA_USAGE = YES_ERROR;
				CLANG_WARN_EMPTY_BODY = YES;
				CLANG_WARN_ENUM_CONVERSION = YES;
				CLANG_WARN_INT_CONVERSION = YES;
				CLANG_WARN_OBJC_ROOT_CLASS = YES_ERROR;
				CLANG_WARN_UNREACHABLE_CODE = YES;
				CLANG_WARN__DUPLICATE_METHOD_MATCH = YES;
				CODE_SIGN_IDENTITY = "iPhone Developer";
				"CODE_SIGN_IDENTITY[sdk=iphoneos*]" = "iPhone Developer";
				COPY_PHASE_STRIP = NO;
				DEBUG_INFORMATION_FORMAT = dwarf;
				ENABLE_STRICT_OBJC_MSGSEND = YES;
				ENABLE_TESTABILITY = YES;
				GCC_C_LANGUAGE_STANDARD = gnu99;
				GCC_DYNAMIC_NO_PIC = NO;
				GCC_NO_COMMON_BLOCKS = YES;
				GCC_OPTIMIZATION_LEVEL = 0;
				GCC_PREPROCESSOR_DEFINITIONS = (
					"DEBUG=1",
					"$(inherited)",
				);
				GCC_WARN_64_TO_32_BIT_CONVERSION = YES;
				GCC_WARN_ABOUT_RETURN_TYPE = YES_ERROR;
				GCC_WARN_UNDECLARED_SELECTOR = YES;
				GCC_WARN_UNINITIALIZED_AUTOS = YES_AGGRESSIVE;
				GCC_WARN_UNUSED_FUNCTION = YES;
				GCC_WARN_UNUSED_VARIABLE = YES;
				IPHONEOS_DEPLOYMENT_TARGET = 9.2;
				MTL_ENABLE_DEBUG_INFO = YES;
				ONLY_ACTIVE_ARCH = YES;
				SDKROOT = iphoneos;
				TARGETED_DEVICE_FAMILY = "1,2";
			};
			name = Debug;
		};
		FE0243C71C3E7DEE00C5CE43 /* Release */ = {
			isa = XCBuildConfiguration;
			buildSettings = {
				ALWAYS_SEARCH_USER_PATHS = NO;
				CLANG_CXX_LANGUAGE_STANDARD = "gnu++0x";
				CLANG_CXX_LIBRARY = "libc++";
				CLANG_ENABLE_MODULES = YES;
				CLANG_ENABLE_OBJC_ARC = YES;
				CLANG_WARN_BOOL_CONVERSION = YES;
				CLANG_WARN_CONSTANT_CONVERSION = YES;
				CLANG_WARN_DIRECT_OBJC_ISA_USAGE = YES_ERROR;
				CLANG_WARN_EMPTY_BODY = YES;
				CLANG_WARN_ENUM_CONVERSION = YES;
				CLANG_WARN_INT_CONVERSION = YES;
				CLANG_WARN_OBJC_ROOT_CLASS = YES_ERROR;
				CLANG_WARN_UNREACHABLE_CODE = YES;
				CLANG_WARN__DUPLICATE_METHOD_MATCH = YES;
				CODE_SIGN_IDENTITY = "iPhone Developer";
				"CODE_SIGN_IDENTITY[sdk=iphoneos*]" = "iPhone Developer";
				COPY_PHASE_STRIP = NO;
				DEBUG_INFORMATION_FORMAT = "dwarf-with-dsym";
				ENABLE_NS_ASSERTIONS = NO;
				ENABLE_STRICT_OBJC_MSGSEND = YES;
				GCC_C_LANGUAGE_STANDARD = gnu99;
				GCC_NO_COMMON_BLOCKS = YES;
				GCC_WARN_64_TO_32_BIT_CONVERSION = YES;
				GCC_WARN_ABOUT_RETURN_TYPE = YES_ERROR;
				GCC_WARN_UNDECLARED_SELECTOR = YES;
				GCC_WARN_UNINITIALIZED_AUTOS = YES_AGGRESSIVE;
				GCC_WARN_UNUSED_FUNCTION = YES;
				GCC_WARN_UNUSED_VARIABLE = YES;
				IPHONEOS_DEPLOYMENT_TARGET = 9.2;
				MTL_ENABLE_DEBUG_INFO = NO;
				SDKROOT = iphoneos;
				TARGETED_DEVICE_FAMILY = "1,2";
				VALIDATE_PRODUCT = YES;
			};
			name = Release;
		};
		FE0243C91C3E7DEE00C5CE43 /* Debug */ = {
			isa = XCBuildConfiguration;
			buildSettings = {
				ASSETCATALOG_COMPILER_APPICON_NAME = AppIcon;
				ASSETCATALOG_COMPILER_LAUNCHIMAGE_NAME = "Brand Assets";
				CODE_SIGN_IDENTITY = "iPhone Developer";
				"CODE_SIGN_IDENTITY[sdk=iphoneos*]" = "iPhone Developer";
				GCC_PRECOMPILE_PREFIX_HEADER = YES;
				GCC_PREFIX_HEADER = "$(SRCROOT)/WeiGod/PrefixHeader.pch";
				INFOPLIST_FILE = WeiGod/Info.plist;
				IPHONEOS_DEPLOYMENT_TARGET = 9.2;
				LD_RUNPATH_SEARCH_PATHS = "$(inherited) @executable_path/Frameworks";
				PRODUCT_BUNDLE_IDENTIFIER = com.Rookies.WeiGod;
				PRODUCT_NAME = "$(TARGET_NAME)";
				PROVISIONING_PROFILE = "";
			};
			name = Debug;
		};
		FE0243CA1C3E7DEE00C5CE43 /* Release */ = {
			isa = XCBuildConfiguration;
			buildSettings = {
				ASSETCATALOG_COMPILER_APPICON_NAME = AppIcon;
				ASSETCATALOG_COMPILER_LAUNCHIMAGE_NAME = "Brand Assets";
				CODE_SIGN_IDENTITY = "iPhone Developer";
				"CODE_SIGN_IDENTITY[sdk=iphoneos*]" = "iPhone Developer";
				GCC_PRECOMPILE_PREFIX_HEADER = YES;
				GCC_PREFIX_HEADER = "$(SRCROOT)/WeiGod/PrefixHeader.pch";
				INFOPLIST_FILE = WeiGod/Info.plist;
				IPHONEOS_DEPLOYMENT_TARGET = 9.2;
				LD_RUNPATH_SEARCH_PATHS = "$(inherited) @executable_path/Frameworks";
				PRODUCT_BUNDLE_IDENTIFIER = com.Rookies.WeiGod;
				PRODUCT_NAME = "$(TARGET_NAME)";
				PROVISIONING_PROFILE = "";
			};
			name = Release;
		};
/* End XCBuildConfiguration section */

/* Begin XCConfigurationList section */
		FE0243AC1C3E7DEE00C5CE43 /* Build configuration list for PBXProject "WeiGod" */ = {
			isa = XCConfigurationList;
			buildConfigurations = (
				FE0243C61C3E7DEE00C5CE43 /* Debug */,
				FE0243C71C3E7DEE00C5CE43 /* Release */,
			);
			defaultConfigurationIsVisible = 0;
			defaultConfigurationName = Release;
		};
		FE0243C81C3E7DEE00C5CE43 /* Build configuration list for PBXNativeTarget "WeiGod" */ = {
			isa = XCConfigurationList;
			buildConfigurations = (
				FE0243C91C3E7DEE00C5CE43 /* Debug */,
				FE0243CA1C3E7DEE00C5CE43 /* Release */,
			);
			defaultConfigurationIsVisible = 0;
			defaultConfigurationName = Release;
		};
/* End XCConfigurationList section */
	};
	rootObject = FE0243A91C3E7DEE00C5CE43 /* Project object */;
}
